
Microsoft Visual Studio Solution File, Format Version 12.00
Project("{FAE04EC0-301F-11D3-BF4B-00C04F79EFBC}") = "CW-9-s29782", "CW-9-s29782\CW-9-s29782.csproj", "{EF71D478-6B6D-437E-9C7D-6A5D744FEE16}"
EndProject
Global
	GlobalSection(SolutionConfigurationPlatforms) = preSolution
		Debug|Any CPU = Debug|Any CPU
		Release|Any CPU = Release|Any CPU
	EndGlobalSection
	GlobalSection(ProjectConfigurationPlatforms) = postSolution
		{EF71D478-6B6D-437E-9C7D-6A5D744FEE16}.Debug|Any CPU.ActiveCfg = Debug|Any CPU
		{EF71D478-6B6D-437E-9C7D-6A5D744FEE16}.Debug|Any CPU.Build.0 = Debug|Any CPU
		{EF71D478-6B6D-437E-9C7D-6A5D744FEE16}.Release|Any CPU.ActiveCfg = Release|Any CPU
		{EF71D478-6B6D-437E-9C7D-6A5D744FEE16}.Release|Any CPU.Build.0 = Release|Any CPU
	EndGlobalSection
EndGlobal
